<?xml version="1.0" encoding="UTF-8" standalone="yes" ?>
<CodeBlocks_project_file>
   <FileVersion major="1" minor="6" />
   <Project>
      <Option title="RRT" />
      <Option makefile_is_custom="1" />
      <Option compiler="gcc" />
      <Option virtualFolders="CMake Files\;CMake Files\..\;CMake Files\..\..\;CMake Files\..\..\..\;CMake Files\..\..\..\..\;CMake Files\..\..\..\..\usr\;CMake Files\..\..\..\..\usr\local\;CMake Files\..\..\..\..\usr\local\lib\;CMake Files\..\..\..\..\usr\local\lib\cmake\;CMake Files\..\..\..\..\usr\local\lib\cmake\openrave-0.9\;" />
      <Build>
      <Target title="all">
         <Option working_dir="/home/shlok/RRT/build-RRT" />
         <Option type="4" />
         <MakeCommands>
            <Build command="/usr/bin/make -f &quot;/home/shlok/RRT/build-RRT/Makefile&quot;  VERBOSE=1 all" />
            <CompileFile command="/usr/bin/make -f &quot;/home/shlok/RRT/build-RRT/Makefile&quot;  VERBOSE=1 &quot;$file&quot;" />
            <Clean command="/usr/bin/make -f &quot;/home/shlok/RRT/build-RRT/Makefile&quot;  VERBOSE=1 clean" />
            <DistClean command="/usr/bin/make -f &quot;/home/shlok/RRT/build-RRT/Makefile&quot;  VERBOSE=1 clean" />
         </MakeCommands>
      </Target>
      <Target title="edit_cache">
         <Option working_dir="/home/shlok/RRT/build-RRT" />
         <Option type="4" />
         <MakeCommands>
            <Build command="/usr/bin/make -f &quot;/home/shlok/RRT/build-RRT/Makefile&quot;  VERBOSE=1 edit_cache" />
            <CompileFile command="/usr/bin/make -f &quot;/home/shlok/RRT/build-RRT/Makefile&quot;  VERBOSE=1 &quot;$file&quot;" />
            <Clean command="/usr/bin/make -f &quot;/home/shlok/RRT/build-RRT/Makefile&quot;  VERBOSE=1 clean" />
            <DistClean command="/usr/bin/make -f &quot;/home/shlok/RRT/build-RRT/Makefile&quot;  VERBOSE=1 clean" />
         </MakeCommands>
      </Target>
      <Target title="rebuild_cache">
         <Option working_dir="/home/shlok/RRT/build-RRT" />
         <Option type="4" />
         <MakeCommands>
            <Build command="/usr/bin/make -f &quot;/home/shlok/RRT/build-RRT/Makefile&quot;  VERBOSE=1 rebuild_cache" />
            <CompileFile command="/usr/bin/make -f &quot;/home/shlok/RRT/build-RRT/Makefile&quot;  VERBOSE=1 &quot;$file&quot;" />
            <Clean command="/usr/bin/make -f &quot;/home/shlok/RRT/build-RRT/Makefile&quot;  VERBOSE=1 clean" />
            <DistClean command="/usr/bin/make -f &quot;/home/shlok/RRT/build-RRT/Makefile&quot;  VERBOSE=1 clean" />
         </MakeCommands>
      </Target>
      <Target title="RRT">
         <Option output="/home/shlok/RRT/build-RRT/RRT" prefix_auto="0" extension_auto="0" />
         <Option working_dir="/home/shlok/RRT/build-RRT" />
         <Option object_output="./" />
         <Option type="1" />
         <Option compiler="gcc" />
         <Compiler>
            <Add directory="/home/shlok/RRT/RRT/include" />
            <Add directory="/usr/include" />
            <Add directory="/usr/include/c++/4.8" />
            <Add directory="/usr/include/c++/4.8/backward" />
            <Add directory="/usr/include/x86_64-linux-gnu" />
            <Add directory="/usr/include/x86_64-linux-gnu/c++/4.8" />
            <Add directory="/usr/lib/gcc/x86_64-linux-gnu/4.8/include" />
            <Add directory="/usr/lib/gcc/x86_64-linux-gnu/4.8/include-fixed" />
            <Add directory="/usr/local/include" />
            <Add directory="/usr/local/include/openrave-0.9" />
         </Compiler>
         <MakeCommands>
            <Build command="/usr/bin/make -f &quot;/home/shlok/RRT/build-RRT/Makefile&quot;  VERBOSE=1 RRT" />
            <CompileFile command="/usr/bin/make -f &quot;/home/shlok/RRT/build-RRT/Makefile&quot;  VERBOSE=1 &quot;$file&quot;" />
            <Clean command="/usr/bin/make -f &quot;/home/shlok/RRT/build-RRT/Makefile&quot;  VERBOSE=1 clean" />
            <DistClean command="/usr/bin/make -f &quot;/home/shlok/RRT/build-RRT/Makefile&quot;  VERBOSE=1 clean" />
         </MakeCommands>
      </Target>
      <Target title="RRT/fast">
         <Option output="/home/shlok/RRT/build-RRT/RRT" prefix_auto="0" extension_auto="0" />
         <Option working_dir="/home/shlok/RRT/build-RRT" />
         <Option object_output="./" />
         <Option type="1" />
         <Option compiler="gcc" />
         <Compiler>
            <Add directory="/home/shlok/RRT/RRT/include" />
            <Add directory="/usr/include" />
            <Add directory="/usr/include/c++/4.8" />
            <Add directory="/usr/include/c++/4.8/backward" />
            <Add directory="/usr/include/x86_64-linux-gnu" />
            <Add directory="/usr/include/x86_64-linux-gnu/c++/4.8" />
            <Add directory="/usr/lib/gcc/x86_64-linux-gnu/4.8/include" />
            <Add directory="/usr/lib/gcc/x86_64-linux-gnu/4.8/include-fixed" />
            <Add directory="/usr/local/include" />
            <Add directory="/usr/local/include/openrave-0.9" />
         </Compiler>
         <MakeCommands>
            <Build command="/usr/bin/make -f &quot;/home/shlok/RRT/build-RRT/Makefile&quot;  VERBOSE=1 RRT/fast" />
            <CompileFile command="/usr/bin/make -f &quot;/home/shlok/RRT/build-RRT/Makefile&quot;  VERBOSE=1 &quot;$file&quot;" />
            <Clean command="/usr/bin/make -f &quot;/home/shlok/RRT/build-RRT/Makefile&quot;  VERBOSE=1 clean" />
            <DistClean command="/usr/bin/make -f &quot;/home/shlok/RRT/build-RRT/Makefile&quot;  VERBOSE=1 clean" />
         </MakeCommands>
      </Target>
      </Build>
      <Unit filename="/home/shlok/RRT/RRT/src/RRT.cpp">
         <Option target="RRT"/>
      </Unit>
      <Unit filename="/home/shlok/RRT/RRT/CMakeLists.txt">
          <Option virtualFolder="CMake Files\" />
      </Unit>
      <Unit filename="/home/shlok/RRT/RRT/../../../../usr/local/lib/cmake/openrave-0.9/openrave-config-version.cmake">
          <Option virtualFolder="CMake Files\..\..\..\..\usr\local\lib\cmake\openrave-0.9\" />
      </Unit>
      <Unit filename="/home/shlok/RRT/RRT/../../../../usr/local/lib/cmake/openrave-0.9/openrave-config.cmake">
          <Option virtualFolder="CMake Files\..\..\..\..\usr\local\lib\cmake\openrave-0.9\" />
      </Unit>
   </Project>
</CodeBlocks_project_file>
